
Microsoft Visual Studio Solution File, Format Version 12.00
# Visual Studio Version 16
VisualStudioVersion = 16.0.31320.298
MinimumVisualStudioVersion = 10.0.40219.1
Project("{FAE04EC0-301F-11D3-BF4B-00C04F79EFBC}") = "MockNDIWCF", "MockNDIWCF.csproj", "{2AD4657E-8703-4617-8552-1EEE14180522}"
EndProject
Project("{9A19103F-16F7-4668-BE54-9A1E7A4F7556}") = "MockNDIAPI", "..\MockNDIAPI\MockNDIAPI.csproj", "{B107EC76-8B82-420B-9518-49BB3CCCDCAA}"
EndProject
Global
	GlobalSection(SolutionConfigurationPlatforms) = preSolution
		Debug|Any CPU = Debug|Any CPU
		Release|Any CPU = Release|Any CPU
	EndGlobalSection
	GlobalSection(ProjectConfigurationPlatforms) = postSolution
		{2AD4657E-8703-4617-8552-1EEE14180522}.Debug|Any CPU.ActiveCfg = Debug|Any CPU
		{2AD4657E-8703-4617-8552-1EEE14180522}.Debug|Any CPU.Build.0 = Debug|Any CPU
		{2AD4657E-8703-4617-8552-1EEE14180522}.Release|Any CPU.ActiveCfg = Release|Any CPU
		{2AD4657E-8703-4617-8552-1EEE14180522}.Release|Any CPU.Build.0 = Release|Any CPU
		{B107EC76-8B82-420B-9518-49BB3CCCDCAA}.Debug|Any CPU.ActiveCfg = Debug|Any CPU
		{B107EC76-8B82-420B-9518-49BB3CCCDCAA}.Debug|Any CPU.Build.0 = Debug|Any CPU
		{B107EC76-8B82-420B-9518-49BB3CCCDCAA}.Release|Any CPU.ActiveCfg = Release|Any CPU
		{B107EC76-8B82-420B-9518-49BB3CCCDCAA}.Release|Any CPU.Build.0 = Release|Any CPU
	EndGlobalSection
	GlobalSection(SolutionProperties) = preSolution
		HideSolutionNode = FALSE
	EndGlobalSection
	GlobalSection(ExtensibilityGlobals) = postSolution
		SolutionGuid = {77709C55-B16E-498E-8166-CFF8673B5E73}
	EndGlobalSection
EndGlobal
